
Microsoft Visual Studio Solution File, Format Version 12.00
# Visual Studio Version 17
VisualStudioVersion = 17.1.32210.238
MinimumVisualStudioVersion = 10.0.40219.1
Project("{FAE04EC0-301F-11D3-BF4B-00C04F79EFBC}") = "Projeto-CodeFirst", "Projeto-CodeFirst\Projeto-CodeFirst.csproj", "{84FAB1CE-8529-4941-B375-796A93E16EF7}"
EndProject
Global
	GlobalSection(SolutionConfigurationPlatforms) = preSolution
		Debug|Any CPU = Debug|Any CPU
		Release|Any CPU = Release|Any CPU
	EndGlobalSection
	GlobalSection(ProjectConfigurationPlatforms) = postSolution
		{84FAB1CE-8529-4941-B375-796A93E16EF7}.Debug|Any CPU.ActiveCfg = Debug|Any CPU
		{84FAB1CE-8529-4941-B375-796A93E16EF7}.Debug|Any CPU.Build.0 = Debug|Any CPU
		{84FAB1CE-8529-4941-B375-796A93E16EF7}.Release|Any CPU.ActiveCfg = Release|Any CPU
		{84FAB1CE-8529-4941-B375-796A93E16EF7}.Release|Any CPU.Build.0 = Release|Any CPU
	EndGlobalSection
	GlobalSection(SolutionProperties) = preSolution
		HideSolutionNode = FALSE
	EndGlobalSection
	GlobalSection(ExtensibilityGlobals) = postSolution
		SolutionGuid = {37EB61AB-CBF3-48B5-A334-1EB951D3360C}
	EndGlobalSection
EndGlobal
